lockfileVersion: '9.0'

settings:
  autoInstallPeers: true
  excludeLinksFromLockfile: false

importers:
  .:
    devDependencies:
      husky:
        specifier: ^9.1.7
        version: 9.1.7
      pretty-quick:
        specifier: ^4.2.2
        version: 4.2.2(prettier@3.6.2)

packages:
  '@pkgr/core@0.2.7':
    resolution:
      {
        integrity: sha512-YLT9Zo3oNPJoBjBc4q8G2mjU4tqIbf5CEOORbUUr48dCD9q3umJ3IPlVqOqDakPfd2HuwccBaqlGhN4Gmr5OWg==,
      }
    engines: { node: ^12.20.0 || ^14.18.0 || >=16.0.0 }

  husky@9.1.7:
    resolution:
      {
        integrity: sha512-5gs5ytaNjBrh5Ow3zrvdUUY+0VxIuWVL4i9irt6friV+BqdCfmV11CQTWMiBYWHbXhco+J1kHfTOUkePhCDvMA==,
      }
    engines: { node: '>=18' }
    hasBin: true

  ignore@7.0.5:
    resolution:
      {
        integrity: sha512-Hs59xBNfUIunMFgWAbGX5cq6893IbWg4KnrjbYwX3tx0ztorVgTDA6B2sxf8ejHJ4wz8BqGUMYlnzNBer5NvGg==,
      }
    engines: { node: '>= 4' }

  mri@1.2.0:
    resolution:
      {
        integrity: sha512-tzzskb3bG8LvYGFF/mDTpq3jpI6Q9wc3LEmBaghu+DdCssd1FakN7Bc0hVNmEyGq1bq3RgfkCb3cmQLpNPOroA==,
      }
    engines: { node: '>=4' }

  picocolors@1.1.1:
    resolution:
      {
        integrity: sha512-xceH2snhtb5M9liqDsmEw56le376mTZkEX/jEb/RxNFyegNul7eNslCXP9FDj/Lcu0X8KEyMceP2ntpaHrDEVA==,
      }

  picomatch@4.0.2:
    resolution:
      {
        integrity: sha512-M7BAV6Rlcy5u+m6oPhAPFgJTzAioX/6B0DxyvDlo9l8+T3nLKbrczg2WLUyzd45L8RqfUMyGPzekbMvX2Ldkwg==,
      }
    engines: { node: '>=12' }

  prettier@3.6.2:
    resolution:
      {
        integrity: sha512-I7AIg5boAr5R0FFtJ6rCfD+LFsWHp81dolrFD8S79U9tb8Az2nGrJncnMSnys+bpQJfRUzqs9hnA81OAA3hCuQ==,
      }
    engines: { node: '>=14' }
    hasBin: true

  pretty-quick@4.2.2:
    resolution:
      {
        integrity: sha512-uAh96tBW1SsD34VhhDmWuEmqbpfYc/B3j++5MC/6b3Cb8Ow7NJsvKFhg0eoGu2xXX+o9RkahkTK6sUdd8E7g5w==,
      }
    engines: { node: '>=14' }
    hasBin: true
    peerDependencies:
      prettier: ^3.0.0

  tinyexec@0.3.2:
    resolution:
      {
        integrity: sha512-KQQR9yN7R5+OSwaK0XQoj22pwHoTlgYqmUscPYoknOoWCWfj/5/ABTMRi69FrKU5ffPVh5QcFikpWJI/P1ocHA==,
      }

  tslib@2.8.1:
    resolution:
      {
        integrity: sha512-oJFu94HQb+KVduSUQL7wnpmqnfmLsOA/nAh6b6EH0wCEoK0/mPeXU6c3wKDV83MkOuHPRHtSXKKU99IBazS/2w==,
      }

snapshots:
  '@pkgr/core@0.2.7': {}

  husky@9.1.7: {}

  ignore@7.0.5: {}

  mri@1.2.0: {}

  picocolors@1.1.1: {}

  picomatch@4.0.2: {}

  prettier@3.6.2: {}

  pretty-quick@4.2.2(prettier@3.6.2):
    dependencies:
      '@pkgr/core': 0.2.7
      ignore: 7.0.5
      mri: 1.2.0
      picocolors: 1.1.1
      picomatch: 4.0.2
      prettier: 3.6.2
      tinyexec: 0.3.2
      tslib: 2.8.1

  tinyexec@0.3.2: {}

  tslib@2.8.1: {}
